<?xml version="1.0" encoding="utf-8"?>
<Project ToolsVersion="4.0" xmlns="http://schemas.microsoft.com/developer/msbuild/2003">
  <ItemGroup>
    <Filter Include="Source Files">
      <UniqueIdentifier>{4FC737F1-C7A5-4376-A066-2A32D752A2FF}</UniqueIdentifier>
      <Extensions>cpp;c;cc;cxx;c++;cppm;ixx;def;odl;idl;hpj;bat;asm;asmx</Extensions>
    </Filter>
    <Filter Include="Header Files">
      <UniqueIdentifier>{93995380-89BD-4b04-88EB-625FBE52EBFB}</UniqueIdentifier>
      <Extensions>h;hh;hpp;hxx;h++;hm;inl;inc;ipp;xsd</Extensions>
    </Filter>
    <Filter Include="Resource Files">
      <UniqueIdentifier>{67DA6AB6-F800-4c08-8B7A-83BB121AAD01}</UniqueIdentifier>
      <Extensions>rc;ico;cur;bmp;dlg;rc2;rct;bin;rgs;gif;jpg;jpeg;jpe;resx;tiff;tif;png;wav;mfcribbon-ms</Extensions>
    </Filter>
    <Filter Include="Source Files\StringMethod">
      <UniqueIdentifier>{793c75d1-459a-41c3-8835-538c065d7986}</UniqueIdentifier>
    </Filter>
    <Filter Include="Source Files\WZResult">
      <UniqueIdentifier>{6de5aca9-46f5-4853-bfb0-0d736610660a}</UniqueIdentifier>
    </Filter>
  </ItemGroup>
  <ItemGroup>
    <ClInclude Include="stdafx.h">
      <Filter>Header Files</Filter>
    </ClInclude>
    <ClInclude Include="BannerInfo.h">
      <Filter>Header Files</Filter>
    </ClInclude>
    <ClInclude Include="BannerInfoList.h">
      <Filter>Header Files</Filter>
    </ClInclude>
    <ClInclude Include="BannerListManager.h">
      <Filter>Header Files</Filter>
    </ClInclude>
    <ClInclude Include="FTPFileDownLoader.h">
      <Filter>Header Files</Filter>
    </ClInclude>
    <ClInclude Include="Include.h">
      <Filter>Header Files</Filter>
    </ClInclude>
    <ClInclude Include="ListManager.h">
      <Filter>Header Files</Filter>
    </ClInclude>
    <ClInclude Include="ShopCategory.h">
      <Filter>Header Files</Filter>
    </ClInclude>
    <ClInclude Include="ShopCategoryList.h">
      <Filter>Header Files</Filter>
    </ClInclude>
    <ClInclude Include="ShopList.h">
      <Filter>Header Files</Filter>
    </ClInclude>
    <ClInclude Include="ShopListManager.h">
      <Filter>Header Files</Filter>
    </ClInclude>
    <ClInclude Include="ShopPackage.h">
      <Filter>Header Files</Filter>
    </ClInclude>
    <ClInclude Include="ShopPackageList.h">
      <Filter>Header Files</Filter>
    </ClInclude>
    <ClInclude Include="ShopProduct.h">
      <Filter>Header Files</Filter>
    </ClInclude>
    <ClInclude Include="ShopProductList.h">
      <Filter>Header Files</Filter>
    </ClInclude>
    <ClInclude Include="StringMethod.h">
      <Filter>Header Files</Filter>
    </ClInclude>
    <ClInclude Include="StringToken.h">
      <Filter>Header Files</Filter>
    </ClInclude>
  </ItemGroup>
  <ItemGroup>
    <ClCompile Include="stdafx.cpp">
      <Filter>Source Files</Filter>
    </ClCompile>
    <ClCompile Include="BannerInfo.cpp">
      <Filter>Source Files</Filter>
    </ClCompile>
    <ClCompile Include="BannerListManager.cpp">
      <Filter>Source Files</Filter>
    </ClCompile>
    <ClCompile Include="FTPFileDownLoader.cpp">
      <Filter>Source Files</Filter>
    </ClCompile>
    <ClCompile Include="ListManager.cpp">
      <Filter>Source Files</Filter>
    </ClCompile>
    <ClCompile Include="ShopCategory.cpp">
      <Filter>Source Files</Filter>
    </ClCompile>
    <ClCompile Include="ShopCategoryList.cpp">
      <Filter>Source Files</Filter>
    </ClCompile>
    <ClCompile Include="ShopList.cpp">
      <Filter>Source Files</Filter>
    </ClCompile>
    <ClCompile Include="ShopListManager.cpp">
      <Filter>Source Files</Filter>
    </ClCompile>
    <ClCompile Include="ShopPackage.cpp">
      <Filter>Source Files</Filter>
    </ClCompile>
    <ClCompile Include="ShopPackageList.cpp">
      <Filter>Source Files</Filter>
    </ClCompile>
    <ClCompile Include="ShopProduct.cpp">
      <Filter>Source Files</Filter>
    </ClCompile>
    <ClCompile Include="ShopProductList.cpp">
      <Filter>Source Files</Filter>
    </ClCompile>
    <ClCompile Include="StringToken.cpp">
      <Filter>Source Files</Filter>
    </ClCompile>
    <ClCompile Include="..\Common\WZResult\WZResult.cpp">
      <Filter>Source Files\WZResult</Filter>
    </ClCompile>
    <ClCompile Include="..\Common\PathMethod\Path.cpp">
      <Filter>Source Files\StringMethod</Filter>
    </ClCompile>
    <ClCompile Include="BannerInfoList.cpp">
      <Filter>Source Files</Filter>
    </ClCompile>
    <ClCompile Include="StringMethod.cpp">
      <Filter>Source Files</Filter>
    </ClCompile>
  </ItemGroup>
</Project>